{
  "name": "testgit",
  "version": "0.0.1",
  "lockfileVersion": 1,
  "requires": true,
  "dependencies": {
    "mygitlib": {
      "version": "git+ssh://git@github.com/InnocenzoB/mygitlib.git#c4aa6127ba5be4254eec8bdeb3b8b4c1b98f25b2",
      "from": "git+ssh://git@github.com/InnocenzoB/mygitlib.git#semver:^3.0.0"
    }
  }
}
